
Microsoft Visual Studio Solution File, Format Version 12.00
# Visual Studio Version 17
VisualStudioVersion = 17.14.36603.0 d17.14
MinimumVisualStudioVersion = 10.0.40219.1
Project("{FAE04EC0-301F-11D3-BF4B-00C04F79EFBC}") = "learning-center-webapi", "src\learning-center-webapi\learning-center-webapi.csproj", "{780F38A0-1CE6-447B-A4D2-D1347FD0522C}"
EndProject
Global
	GlobalSection(SolutionConfigurationPlatforms) = preSolution
		Debug|Any CPU = Debug|Any CPU
		Release|Any CPU = Release|Any CPU
	EndGlobalSection
	GlobalSection(ProjectConfigurationPlatforms) = postSolution
		{780F38A0-1CE6-447B-A4D2-D1347FD0522C}.Debug|Any CPU.ActiveCfg = Debug|Any CPU
		{780F38A0-1CE6-447B-A4D2-D1347FD0522C}.Debug|Any CPU.Build.0 = Debug|Any CPU
		{780F38A0-1CE6-447B-A4D2-D1347FD0522C}.Release|Any CPU.ActiveCfg = Release|Any CPU
		{780F38A0-1CE6-447B-A4D2-D1347FD0522C}.Release|Any CPU.Build.0 = Release|Any CPU
	EndGlobalSection
	GlobalSection(SolutionProperties) = preSolution
		HideSolutionNode = FALSE
	EndGlobalSection
EndGlobal
